
Microsoft Visual Studio Solution File, Format Version 12.00
# Visual Studio Version 16
VisualStudioVersion = 16.0.31005.135
MinimumVisualStudioVersion = 10.0.40219.1
Project("{9092AA53-FB77-4645-B42D-1CCCA6BD08BD}") = "vue-webrtc-lobby", "vue-webrtc-lobby.njsproj", "{1BE3B5EF-A236-44A1-A361-9382B09C4B90}"
EndProject
Global
	GlobalSection(SolutionConfigurationPlatforms) = preSolution
		Debug|Any CPU = Debug|Any CPU
		Release|Any CPU = Release|Any CPU
	EndGlobalSection
	GlobalSection(ProjectConfigurationPlatforms) = postSolution
		{1BE3B5EF-A236-44A1-A361-9382B09C4B90}.Debug|Any CPU.ActiveCfg = Debug|Any CPU
		{1BE3B5EF-A236-44A1-A361-9382B09C4B90}.Debug|Any CPU.Build.0 = Debug|Any CPU
		{1BE3B5EF-A236-44A1-A361-9382B09C4B90}.Release|Any CPU.ActiveCfg = Release|Any CPU
		{1BE3B5EF-A236-44A1-A361-9382B09C4B90}.Release|Any CPU.Build.0 = Release|Any CPU
	EndGlobalSection
	GlobalSection(SolutionProperties) = preSolution
		HideSolutionNode = FALSE
	EndGlobalSection
	GlobalSection(ExtensibilityGlobals) = postSolution
		SolutionGuid = {921DC0F4-76E0-4D85-9A3A-CB29D52D8354}
	EndGlobalSection
EndGlobal
